
Microsoft Visual Studio Solution File, Format Version 12.00
# Visual Studio 15
VisualStudioVersion = 15.0.28307.779
MinimumVisualStudioVersion = 10.0.40219.1
Project("{FAE04EC0-301F-11D3-BF4B-00C04F79EFBC}") = "WBClient2", "WBClient2\WBClient2.csproj", "{8BA3E660-CDB5-4FB1-A57D-9AC59556DBBE}"
EndProject
Project("{FAE04EC0-301F-11D3-BF4B-00C04F79EFBC}") = "WBService2", "WBService2\WBService2.csproj", "{EF1AC12F-187D-4292-AABE-0FB8D918C930}"
EndProject
Global
	GlobalSection(SolutionConfigurationPlatforms) = preSolution
		Debug|Any CPU = Debug|Any CPU
		Debug|x86 = Debug|x86
		Release|Any CPU = Release|Any CPU
		Release|x86 = Release|x86
	EndGlobalSection
	GlobalSection(ProjectConfigurationPlatforms) = postSolution
		{8BA3E660-CDB5-4FB1-A57D-9AC59556DBBE}.Debug|Any CPU.ActiveCfg = Debug|Any CPU
		{8BA3E660-CDB5-4FB1-A57D-9AC59556DBBE}.Debug|Any CPU.Build.0 = Debug|Any CPU
		{8BA3E660-CDB5-4FB1-A57D-9AC59556DBBE}.Debug|x86.ActiveCfg = Debug|x86
		{8BA3E660-CDB5-4FB1-A57D-9AC59556DBBE}.Debug|x86.Build.0 = Debug|x86
		{8BA3E660-CDB5-4FB1-A57D-9AC59556DBBE}.Release|Any CPU.ActiveCfg = Release|Any CPU
		{8BA3E660-CDB5-4FB1-A57D-9AC59556DBBE}.Release|Any CPU.Build.0 = Release|Any CPU
		{8BA3E660-CDB5-4FB1-A57D-9AC59556DBBE}.Release|x86.ActiveCfg = Release|x86
		{8BA3E660-CDB5-4FB1-A57D-9AC59556DBBE}.Release|x86.Build.0 = Release|x86
		{EF1AC12F-187D-4292-AABE-0FB8D918C930}.Debug|Any CPU.ActiveCfg = Debug|Any CPU
		{EF1AC12F-187D-4292-AABE-0FB8D918C930}.Debug|Any CPU.Build.0 = Debug|Any CPU
		{EF1AC12F-187D-4292-AABE-0FB8D918C930}.Debug|x86.ActiveCfg = Debug|Any CPU
		{EF1AC12F-187D-4292-AABE-0FB8D918C930}.Debug|x86.Build.0 = Debug|Any CPU
		{EF1AC12F-187D-4292-AABE-0FB8D918C930}.Release|Any CPU.ActiveCfg = Release|Any CPU
		{EF1AC12F-187D-4292-AABE-0FB8D918C930}.Release|Any CPU.Build.0 = Release|Any CPU
		{EF1AC12F-187D-4292-AABE-0FB8D918C930}.Release|x86.ActiveCfg = Release|Any CPU
		{EF1AC12F-187D-4292-AABE-0FB8D918C930}.Release|x86.Build.0 = Release|Any CPU
	EndGlobalSection
	GlobalSection(SolutionProperties) = preSolution
		HideSolutionNode = FALSE
	EndGlobalSection
	GlobalSection(ExtensibilityGlobals) = postSolution
		SolutionGuid = {DEC5B411-E6F2-418B-8699-E3318B6AF380}
	EndGlobalSection
EndGlobal
